
Microsoft Visual Studio Solution File, Format Version 12.00
# Visual Studio Version 16
VisualStudioVersion = 16.0.34729.46
MinimumVisualStudioVersion = 10.0.40219.1
Project("{FAE04EC0-301F-11D3-BF4B-00C04F79EFBC}") = "UltraDataChart_Scroll", "UltraDataChart_Scroll\UltraDataChart_Scroll.csproj", "{E39B31A8-E2DC-44A3-8179-4268FBF8FBFD}"
EndProject
Global
	GlobalSection(SolutionConfigurationPlatforms) = preSolution
		Debug|Any CPU = Debug|Any CPU
		Release|Any CPU = Release|Any CPU
	EndGlobalSection
	GlobalSection(ProjectConfigurationPlatforms) = postSolution
		{E39B31A8-E2DC-44A3-8179-4268FBF8FBFD}.Debug|Any CPU.ActiveCfg = Debug|Any CPU
		{E39B31A8-E2DC-44A3-8179-4268FBF8FBFD}.Debug|Any CPU.Build.0 = Debug|Any CPU
		{E39B31A8-E2DC-44A3-8179-4268FBF8FBFD}.Release|Any CPU.ActiveCfg = Release|Any CPU
		{E39B31A8-E2DC-44A3-8179-4268FBF8FBFD}.Release|Any CPU.Build.0 = Release|Any CPU
	EndGlobalSection
	GlobalSection(SolutionProperties) = preSolution
		HideSolutionNode = FALSE
	EndGlobalSection
	GlobalSection(ExtensibilityGlobals) = postSolution
		SolutionGuid = {D6BF43E2-9E0D-4A28-8653-7591C0E57B92}
	EndGlobalSection
EndGlobal
